
Microsoft Visual Studio Solution File, Format Version 12.00
# Visual Studio 2013
VisualStudioVersion = 12.0.21005.1
MinimumVisualStudioVersion = 10.0.40219.1
Project("{8BC9CEB8-8B4A-11D0-8D11-00A0C91BC942}") = "Ex01_FirstOpenGL", "Ex01_FirstOpenGL\Ex01_FirstOpenGL.vcxproj", "{9012D842-9526-429D-AFA7-21E46C20CBF4}"
EndProject
Global
	GlobalSection(SolutionConfigurationPlatforms) = preSolution
		Debug|Win32 = Debug|Win32
		Release|Win32 = Release|Win32
	EndGlobalSection
	GlobalSection(ProjectConfigurationPlatforms) = postSolution
		{9012D842-9526-429D-AFA7-21E46C20CBF4}.Debug|Win32.ActiveCfg = Debug|Win32
		{9012D842-9526-429D-AFA7-21E46C20CBF4}.Debug|Win32.Build.0 = Debug|Win32
		{9012D842-9526-429D-AFA7-21E46C20CBF4}.Release|Win32.ActiveCfg = Release|Win32
		{9012D842-9526-429D-AFA7-21E46C20CBF4}.Release|Win32.Build.0 = Release|Win32
	EndGlobalSection
	GlobalSection(SolutionProperties) = preSolution
		HideSolutionNode = FALSE
	EndGlobalSection
EndGlobal
